// !$*UTF8*$!
{
	archiveVersion = 1;
	classes = {
	};
	objectVersion = 50;
	objects = {

/* Begin PBXBuildFile section */
		BA22C63D23FE5A0100B6BFEE /* Assets.xcassets in Resources */ = {isa = PBXBuildFile; fileRef = BA22C63C23FE5A0100B6BFEE /* Assets.xcassets */; };
		BA22C64B23FE5E1700B6BFEE /* main.cpp in Sources */ = {isa = PBXBuildFile; fileRef = BA22C64A23FE5E1700B6BFEE /* main.cpp */; };
		BA22C64E23FE7A9100B6BFEE /* baseMain.cpp in Sources */ = {isa = PBXBuildFile; fileRef = BA22C64C23FE7A9100B6BFEE /* baseMain.cpp */; };
		EB19A2CF4240A543E7E6E845 /* Pods_OpenGL01.framework in Frameworks */ = {isa = PBXBuildFile; fileRef = 96DD28747FCB2B9E8F061FB0 /* Pods_OpenGL01.framework */; };
/* End PBXBuildFile section */

/* Begin PBXFileReference section */
		4C78CE74FE771FCE8077F282 /* Pods-OpenGL01.debug.xcconfig */ = {isa = PBXFileReference; includeInIndex = 1; lastKnownFileType = text.xcconfig; name = "Pods-OpenGL01.debug.xcconfig"; path = "Target Support Files/Pods-OpenGL01/Pods-OpenGL01.debug.xcconfig"; sourceTree = "<group>"; };
		96DD28747FCB2B9E8F061FB0 /* Pods_OpenGL01.framework */ = {isa = PBXFileReference; explicitFileType = wrapper.framework; includeInIndex = 0; path = Pods_OpenGL01.framework; sourceTree = BUILT_PRODUCTS_DIR; };
		BA22C63323FE59FA00B6BFEE /* OpenGL01.app */ = {isa = PBXFileReference; explicitFileType = wrapper.application; includeInIndex = 0; path = OpenGL01.app; sourceTree = BUILT_PRODUCTS_DIR; };
		BA22C63C23FE5A0100B6BFEE /* Assets.xcassets */ = {isa = PBXFileReference; lastKnownFileType = folder.assetcatalog; path = Assets.xcassets; sourceTree = "<group>"; };
		BA22C64123FE5A0100B6BFEE /* Info.plist */ = {isa = PBXFileReference; lastKnownFileType = text.plist.xml; path = Info.plist; sourceTree = "<group>"; };
		BA22C64423FE5A0100B6BFEE /* OpenGL01.entitlements */ = {isa = PBXFileReference; lastKnownFileType = text.plist.entitlements; path = OpenGL01.entitlements; sourceTree = "<group>"; };
		BA22C64A23FE5E1700B6BFEE /* main.cpp */ = {isa = PBXFileReference; lastKnownFileType = sourcecode.cpp.cpp; path = main.cpp; sourceTree = "<group>"; };
		BA22C64C23FE7A9100B6BFEE /* baseMain.cpp */ = {isa = PBXFileReference; lastKnownFileType = sourcecode.cpp.cpp; path = baseMain.cpp; sourceTree = "<group>"; };
		BA22C64D23FE7A9100B6BFEE /* baseMain.hpp */ = {isa = PBXFileReference; lastKnownFileType = sourcecode.cpp.h; path = baseMain.hpp; sourceTree = "<group>"; };
		FB5656F5B63AEC4D826D5A48 /* Pods-OpenGL01.release.xcconfig */ = {isa = PBXFileReference; includeInIndex = 1; lastKnownFileType = text.xcconfig; name = "Pods-OpenGL01.release.xcconfig"; path = "Target Support Files/Pods-OpenGL01/Pods-OpenGL01.release.xcconfig"; sourceTree = "<group>"; };
/* End PBXFileReference section */

/* Begin PBXFrameworksBuildPhase section */
		BA22C63023FE59FA00B6BFEE /* Frameworks */ = {
			isa = PBXFrameworksBuildPhase;
			buildActionMask = 2147483647;
			files = (
				EB19A2CF4240A543E7E6E845 /* Pods_OpenGL01.framework in Frameworks */,
			);
			runOnlyForDeploymentPostprocessing = 0;
		};
/* End PBXFrameworksBuildPhase section */

/* Begin PBXGroup section */
		8E78C943A01C13EB4E2901BA /* Pods */ = {
			isa = PBXGroup;
			children = (
				4C78CE74FE771FCE8077F282 /* Pods-OpenGL01.debug.xcconfig */,
				FB5656F5B63AEC4D826D5A48 /* Pods-OpenGL01.release.xcconfig */,
			);
			path = Pods;
			sourceTree = "<group>";
		};
		AF0142A2C1D9456819316800 /* Frameworks */ = {
			isa = PBXGroup;
			children = (
				96DD28747FCB2B9E8F061FB0 /* Pods_OpenGL01.framework */,
			);
			name = Frameworks;
			sourceTree = "<group>";
		};
		BA22C62A23FE59FA00B6BFEE = {
			isa = PBXGroup;
			children = (
				BA22C63523FE59FA00B6BFEE /* OpenGL01 */,
				BA22C63423FE59FA00B6BFEE /* Products */,
				8E78C943A01C13EB4E2901BA /* Pods */,
				AF0142A2C1D9456819316800 /* Frameworks */,
			);
			sourceTree = "<group>";
		};
		BA22C63423FE59FA00B6BFEE /* Products */ = {
			isa = PBXGroup;
			children = (
				BA22C63323FE59FA00B6BFEE /* OpenGL01.app */,
			);
			name = Products;
			sourceTree = "<group>";
		};
		BA22C63523FE59FA00B6BFEE /* OpenGL01 */ = {
			isa = PBXGroup;
			children = (
				BA22C63C23FE5A0100B6BFEE /* Assets.xcassets */,
				BA22C64123FE5A0100B6BFEE /* Info.plist */,
				BA22C64423FE5A0100B6BFEE /* OpenGL01.entitlements */,
				BA22C64A23FE5E1700B6BFEE /* main.cpp */,
				BA22C64D23FE7A9100B6BFEE /* baseMain.hpp */,
				BA22C64C23FE7A9100B6BFEE /* baseMain.cpp */,
			);
			path = OpenGL01;
			sourceTree = "<group>";
		};
/* End PBXGroup section */

/* Begin PBXNativeTarget section */
		BA22C63223FE59FA00B6BFEE /* OpenGL01 */ = {
			isa = PBXNativeTarget;
			buildConfigurationList = BA22C64723FE5A0100B6BFEE /* Build configuration list for PBXNativeTarget "OpenGL01" */;
			buildPhases = (
				E7E3F9873051BA5E99CEBE1D /* [CP] Check Pods Manifest.lock */,
				BA22C62F23FE59FA00B6BFEE /* Sources */,
				BA22C63023FE59FA00B6BFEE /* Frameworks */,
				BA22C63123FE59FA00B6BFEE /* Resources */,
			);
			buildRules = (
			);
			dependencies = (
			);
			name = OpenGL01;
			productName = OpenGL01;
			productReference = BA22C63323FE59FA00B6BFEE /* OpenGL01.app */;
			productType = "com.apple.product-type.application";
		};
/* End PBXNativeTarget section */

/* Begin PBXProject section */
		BA22C62B23FE59FA00B6BFEE /* Project object */ = {
			isa = PBXProject;
			attributes = {
				LastUpgradeCheck = 1130;
				ORGANIZATIONNAME = ycpeng;
				TargetAttributes = {
					BA22C63223FE59FA00B6BFEE = {
						CreatedOnToolsVersion = 11.3.1;
					};
				};
			};
			buildConfigurationList = BA22C62E23FE59FA00B6BFEE /* Build configuration list for PBXProject "OpenGL01" */;
			compatibilityVersion = "Xcode 9.3";
			developmentRegion = en;
			hasScannedForEncodings = 0;
			knownRegions = (
				en,
				Base,
			);
			mainGroup = BA22C62A23FE59FA00B6BFEE;
			productRefGroup = BA22C63423FE59FA00B6BFEE /* Products */;
			projectDirPath = "";
			projectRoot = "";
			targets = (
				BA22C63223FE59FA00B6BFEE /* OpenGL01 */,
			);
		};
/* End PBXProject section */

/* Begin PBXResourcesBuildPhase section */
		BA22C63123FE59FA00B6BFEE /* Resources */ = {
			isa = PBXResourcesBuildPhase;
			buildActionMask = 2147483647;
			files = (
				BA22C63D23FE5A0100B6BFEE /* Assets.xcassets in Resources */,
			);
			runOnlyForDeploymentPostprocessing = 0;
		};
/* End PBXResourcesBuildPhase section */

/* Begin PBXShellScriptBuildPhase section */
		E7E3F9873051BA5E99CEBE1D /* [CP] Check Pods Manifest.lock */ = {
			isa = PBXShellScriptBuildPhase;
			buildActionMask = 2147483647;
			files = (
			);
			inputFileListPaths = (
			);
			inputPaths = (
				"${PODS_PODFILE_DIR_PATH}/Podfile.lock",
				"${PODS_ROOT}/Manifest.lock",
			);
			name = "[CP] Check Pods Manifest.lock";
			outputFileListPaths = (
			);
			outputPaths = (
				"$(DERIVED_FILE_DIR)/Pods-OpenGL01-checkManifestLockResult.txt",
			);
			runOnlyForDeploymentPostprocessing = 0;
			shellPath = /bin/sh;
			shellScript = "diff \"${PODS_PODFILE_DIR_PATH}/Podfile.lock\" \"${PODS_ROOT}/Manifest.lock\" > /dev/null\nif [ $? != 0 ] ; then\n    # print error to STDERR\n    echo \"error: The sandbox is not in sync with the Podfile.lock. Run 'pod install' or update your CocoaPods installation.\" >&2\n    exit 1\nfi\n# This output is used by Xcode 'outputs' to avoid re-running this script phase.\necho \"SUCCESS\" > \"${SCRIPT_OUTPUT_FILE_0}\"\n";
			showEnvVarsInLog = 0;
		};
/* End PBXShellScriptBuildPhase section */

/* Begin PBXSourcesBuildPhase section */
		BA22C62F23FE59FA00B6BFEE /* Sources */ = {
			isa = PBXSourcesBuildPhase;
			buildActionMask = 2147483647;
			files = (
				BA22C64B23FE5E1700B6BFEE /* main.cpp in Sources */,
				BA22C64E23FE7A9100B6BFEE /* baseMain.cpp in Sources */,
			);
			runOnlyForDeploymentPostprocessing = 0;
		};
/* End PBXSourcesBuildPhase section */

/* Begin XCBuildConfiguration section */
		BA22C64523FE5A0100B6BFEE /* Debug */ = {
			isa = XCBuildConfiguration;
			buildSettings = {
				ALWAYS_SEARCH_USER_PATHS = NO;
				CLANG_ANALYZER_NONNULL = YES;
				CLANG_ANALYZER_NUMBER_OBJECT_CONVERSION = YES_AGGRESSIVE;
				CLANG_CXX_LANGUAGE_STANDARD = "gnu++14";
				CLANG_CXX_LIBRARY = "libc++";
				CLANG_ENABLE_MODULES = YES;
				CLANG_ENABLE_OBJC_ARC = YES;
				CLANG_ENABLE_OBJC_WEAK = YES;
				CLANG_WARN_BLOCK_CAPTURE_AUTORELEASING = YES;
				CLANG_WARN_BOOL_CONVERSION = YES;
				CLANG_WARN_COMMA = YES;
				CLANG_WARN_CONSTANT_CONVERSION = YES;
				CLANG_WARN_DEPRECATED_OBJC_IMPLEMENTATIONS = YES;
				CLANG_WARN_DIRECT_OBJC_ISA_USAGE = YES_ERROR;
				CLANG_WARN_DOCUMENTATION_COMMENTS = YES;
				CLANG_WARN_EMPTY_BODY = YES;
				CLANG_WARN_ENUM_CONVERSION = YES;
				CLANG_WARN_INFINITE_RECURSION = YES;
				CLANG_WARN_INT_CONVERSION = YES;
				CLANG_WARN_NON_LITERAL_NULL_CONVERSION = YES;
				CLANG_WARN_OBJC_IMPLICIT_RETAIN_SELF = YES;
				CLANG_WARN_OBJC_LITERAL_CONVERSION = YES;
				CLANG_WARN_OBJC_ROOT_CLASS = YES_ERROR;
				CLANG_WARN_RANGE_LOOP_ANALYSIS = YES;
				CLANG_WARN_STRICT_PROTOTYPES = YES;
				CLANG_WARN_SUSPICIOUS_MOVE = YES;
				CLANG_WARN_UNGUARDED_AVAILABILITY = YES_AGGRESSIVE;
				CLANG_WARN_UNREACHABLE_CODE = YES;
				CLANG_WARN__DUPLICATE_METHOD_MATCH = YES;
				COPY_PHASE_STRIP = NO;
				DEBUG_INFORMATION_FORMAT = dwarf;
				ENABLE_STRICT_OBJC_MSGSEND = YES;
				ENABLE_TESTABILITY = YES;
				GCC_C_LANGUAGE_STANDARD = gnu11;
				GCC_DYNAMIC_NO_PIC = NO;
				GCC_NO_COMMON_BLOCKS = YES;
				GCC_OPTIMIZATION_LEVEL = 0;
				GCC_PREPROCESSOR_DEFINITIONS = (
					"DEBUG=1",
					"$(inherited)",
				);
				GCC_WARN_64_TO_32_BIT_CONVERSION = YES;
				GCC_WARN_ABOUT_RETURN_TYPE = YES_ERROR;
				GCC_WARN_UNDECLARED_SELECTOR = YES;
				GCC_WARN_UNINITIALIZED_AUTOS = YES_AGGRESSIVE;
				GCC_WARN_UNUSED_FUNCTION = YES;
				GCC_WARN_UNUSED_VARIABLE = YES;
				MACOSX_DEPLOYMENT_TARGET = 10.15;
				MTL_ENABLE_DEBUG_INFO = INCLUDE_SOURCE;
				MTL_FAST_MATH = YES;
				ONLY_ACTIVE_ARCH = YES;
				SDKROOT = macosx;
			};
			name = Debug;
		};
		BA22C64623FE5A0100B6BFEE /* Release */ = {
			isa = XCBuildConfiguration;
			buildSettings = {
				ALWAYS_SEARCH_USER_PATHS = NO;
				CLANG_ANALYZER_NONNULL = YES;
				CLANG_ANALYZER_NUMBER_OBJECT_CONVERSION = YES_AGGRESSIVE;
				CLANG_CXX_LANGUAGE_STANDARD = "gnu++14";
				CLANG_CXX_LIBRARY = "libc++";
				CLANG_ENABLE_MODULES = YES;
				CLANG_ENABLE_OBJC_ARC = YES;
				CLANG_ENABLE_OBJC_WEAK = YES;
				CLANG_WARN_BLOCK_CAPTURE_AUTORELEASING = YES;
				CLANG_WARN_BOOL_CONVERSION = YES;
				CLANG_WARN_COMMA = YES;
				CLANG_WARN_CONSTANT_CONVERSION = YES;
				CLANG_WARN_DEPRECATED_OBJC_IMPLEMENTATIONS = YES;
				CLANG_WARN_DIRECT_OBJC_ISA_USAGE = YES_ERROR;
				CLANG_WARN_DOCUMENTATION_COMMENTS = YES;
				CLANG_WARN_EMPTY_BODY = YES;
				CLANG_WARN_ENUM_CONVERSION = YES;
				CLANG_WARN_INFINITE_RECURSION = YES;
				CLANG_WARN_INT_CONVERSION = YES;
				CLANG_WARN_NON_LITERAL_NULL_CONVERSION = YES;
				CLANG_WARN_OBJC_IMPLICIT_RETAIN_SELF = YES;
				CLANG_WARN_OBJC_LITERAL_CONVERSION = YES;
				CLANG_WARN_OBJC_ROOT_CLASS = YES_ERROR;
				CLANG_WARN_RANGE_LOOP_ANALYSIS = YES;
				CLANG_WARN_STRICT_PROTOTYPES = YES;
				CLANG_WARN_SUSPICIOUS_MOVE = YES;
				CLANG_WARN_UNGUARDED_AVAILABILITY = YES_AGGRESSIVE;
				CLANG_WARN_UNREACHABLE_CODE = YES;
				CLANG_WARN__DUPLICATE_METHOD_MATCH = YES;
				COPY_PHASE_STRIP = NO;
				DEBUG_INFORMATION_FORMAT = "dwarf-with-dsym";
				ENABLE_NS_ASSERTIONS = NO;
				ENABLE_STRICT_OBJC_MSGSEND = YES;
				GCC_C_LANGUAGE_STANDARD = gnu11;
				GCC_NO_COMMON_BLOCKS = YES;
				GCC_WARN_64_TO_32_BIT_CONVERSION = YES;
				GCC_WARN_ABOUT_RETURN_TYPE = YES_ERROR;
				GCC_WARN_UNDECLARED_SELECTOR = YES;
				GCC_WARN_UNINITIALIZED_AUTOS = YES_AGGRESSIVE;
				GCC_WARN_UNUSED_FUNCTION = YES;
				GCC_WARN_UNUSED_VARIABLE = YES;
				MACOSX_DEPLOYMENT_TARGET = 10.15;
				MTL_ENABLE_DEBUG_INFO = NO;
				MTL_FAST_MATH = YES;
				SDKROOT = macosx;
			};
			name = Release;
		};
		BA22C64823FE5A0100B6BFEE /* Debug */ = {
			isa = XCBuildConfiguration;
			baseConfigurationReference = 4C78CE74FE771FCE8077F282 /* Pods-OpenGL01.debug.xcconfig */;
			buildSettings = {
				ASSETCATALOG_COMPILER_APPICON_NAME = AppIcon;
				CODE_SIGN_ENTITLEMENTS = OpenGL01/OpenGL01.entitlements;
				CODE_SIGN_STYLE = Automatic;
				COMBINE_HIDPI_IMAGES = YES;
				GCC_WARN_ABOUT_DEPRECATED_FUNCTIONS = NO;
				INFOPLIST_FILE = OpenGL01/Info.plist;
				LD_RUNPATH_SEARCH_PATHS = (
					"$(inherited)",
					"@executable_path/../Frameworks",
				);
				PRODUCT_BUNDLE_IDENTIFIER = com.sina.OpenGL01;
				PRODUCT_NAME = "$(TARGET_NAME)";
			};
			name = Debug;
		};
		BA22C64923FE5A0100B6BFEE /* Release */ = {
			isa = XCBuildConfiguration;
			baseConfigurationReference = FB5656F5B63AEC4D826D5A48 /* Pods-OpenGL01.release.xcconfig */;
			buildSettings = {
				ASSETCATALOG_COMPILER_APPICON_NAME = AppIcon;
				CODE_SIGN_ENTITLEMENTS = OpenGL01/OpenGL01.entitlements;
				CODE_SIGN_STYLE = Automatic;
				COMBINE_HIDPI_IMAGES = YES;
				GCC_WARN_ABOUT_DEPRECATED_FUNCTIONS = NO;
				INFOPLIST_FILE = OpenGL01/Info.plist;
				LD_RUNPATH_SEARCH_PATHS = (
					"$(inherited)",
					"@executable_path/../Frameworks",
				);
				PRODUCT_BUNDLE_IDENTIFIER = com.sina.OpenGL01;
				PRODUCT_NAME = "$(TARGET_NAME)";
			};
			name = Release;
		};
/* End XCBuildConfiguration section */

/* Begin XCConfigurationList section */
		BA22C62E23FE59FA00B6BFEE /* Build configuration list for PBXProject "OpenGL01" */ = {
			isa = XCConfigurationList;
			buildConfigurations = (
				BA22C64523FE5A0100B6BFEE /* Debug */,
				BA22C64623FE5A0100B6BFEE /* Release */,
			);
			defaultConfigurationIsVisible = 0;
			defaultConfigurationName = Release;
		};
		BA22C64723FE5A0100B6BFEE /* Build configuration list for PBXNativeTarget "OpenGL01" */ = {
			isa = XCConfigurationList;
			buildConfigurations = (
				BA22C64823FE5A0100B6BFEE /* Debug */,
				BA22C64923FE5A0100B6BFEE /* Release */,
			);
			defaultConfigurationIsVisible = 0;
			defaultConfigurationName = Release;
		};
/* End XCConfigurationList section */
	};
	rootObject = BA22C62B23FE59FA00B6BFEE /* Project object */;
}
