// !$*UTF8*$!
{
	archiveVersion = 1;
	classes = {
	};
	objectVersion = 50;
	objects = {

/* Begin PBXBuildFile section */
		52F3D02CEBCBB9E4705EFCB3 /* Pods_OpenGL04.framework in Frameworks */ = {isa = PBXBuildFile; fileRef = 1BB3CB177489831F3A57C799 /* Pods_OpenGL04.framework */; };
		BA6EC3BF24041E9C005FD75D /* Assets.xcassets in Resources */ = {isa = PBXBuildFile; fileRef = BA6EC3BE24041E9C005FD75D /* Assets.xcassets */; };
		BA6EC3C524041E9C005FD75D /* main.cpp in Sources */ = {isa = PBXBuildFile; fileRef = BA6EC3C424041E9C005FD75D /* main.cpp */; };
/* End PBXBuildFile section */

/* Begin PBXFileReference section */
		1BB3CB177489831F3A57C799 /* Pods_OpenGL04.framework */ = {isa = PBXFileReference; explicitFileType = wrapper.framework; includeInIndex = 0; path = Pods_OpenGL04.framework; sourceTree = BUILT_PRODUCTS_DIR; };
		3D7FFB9EC8E5A200BEDD9C9C /* Pods-OpenGL04.release.xcconfig */ = {isa = PBXFileReference; includeInIndex = 1; lastKnownFileType = text.xcconfig; name = "Pods-OpenGL04.release.xcconfig"; path = "Target Support Files/Pods-OpenGL04/Pods-OpenGL04.release.xcconfig"; sourceTree = "<group>"; };
		88A07A00C4137482DC69AD74 /* Pods-OpenGL04.debug.xcconfig */ = {isa = PBXFileReference; includeInIndex = 1; lastKnownFileType = text.xcconfig; name = "Pods-OpenGL04.debug.xcconfig"; path = "Target Support Files/Pods-OpenGL04/Pods-OpenGL04.debug.xcconfig"; sourceTree = "<group>"; };
		BA6EC3B524041E9B005FD75D /* OpenGL04.app */ = {isa = PBXFileReference; explicitFileType = wrapper.application; includeInIndex = 0; path = OpenGL04.app; sourceTree = BUILT_PRODUCTS_DIR; };
		BA6EC3BE24041E9C005FD75D /* Assets.xcassets */ = {isa = PBXFileReference; lastKnownFileType = folder.assetcatalog; path = Assets.xcassets; sourceTree = "<group>"; };
		BA6EC3C324041E9C005FD75D /* Info.plist */ = {isa = PBXFileReference; lastKnownFileType = text.plist.xml; path = Info.plist; sourceTree = "<group>"; };
		BA6EC3C424041E9C005FD75D /* main.cpp */ = {isa = PBXFileReference; lastKnownFileType = sourcecode.cpp.cpp; path = main.cpp; sourceTree = "<group>"; };
		BA6EC3C624041E9C005FD75D /* OpenGL04.entitlements */ = {isa = PBXFileReference; lastKnownFileType = text.plist.entitlements; path = OpenGL04.entitlements; sourceTree = "<group>"; };
/* End PBXFileReference section */

/* Begin PBXFrameworksBuildPhase section */
		BA6EC3B224041E9B005FD75D /* Frameworks */ = {
			isa = PBXFrameworksBuildPhase;
			buildActionMask = 2147483647;
			files = (
				52F3D02CEBCBB9E4705EFCB3 /* Pods_OpenGL04.framework in Frameworks */,
			);
			runOnlyForDeploymentPostprocessing = 0;
		};
/* End PBXFrameworksBuildPhase section */

/* Begin PBXGroup section */
		06F1F982DF99C895912AF7E6 /* Frameworks */ = {
			isa = PBXGroup;
			children = (
				1BB3CB177489831F3A57C799 /* Pods_OpenGL04.framework */,
			);
			name = Frameworks;
			sourceTree = "<group>";
		};
		B02A128F3008087EAE2CE8EE /* Pods */ = {
			isa = PBXGroup;
			children = (
				88A07A00C4137482DC69AD74 /* Pods-OpenGL04.debug.xcconfig */,
				3D7FFB9EC8E5A200BEDD9C9C /* Pods-OpenGL04.release.xcconfig */,
			);
			path = Pods;
			sourceTree = "<group>";
		};
		BA6EC3AC24041E9A005FD75D = {
			isa = PBXGroup;
			children = (
				BA6EC3B724041E9B005FD75D /* OpenGL04 */,
				BA6EC3B624041E9B005FD75D /* Products */,
				B02A128F3008087EAE2CE8EE /* Pods */,
				06F1F982DF99C895912AF7E6 /* Frameworks */,
			);
			sourceTree = "<group>";
		};
		BA6EC3B624041E9B005FD75D /* Products */ = {
			isa = PBXGroup;
			children = (
				BA6EC3B524041E9B005FD75D /* OpenGL04.app */,
			);
			name = Products;
			sourceTree = "<group>";
		};
		BA6EC3B724041E9B005FD75D /* OpenGL04 */ = {
			isa = PBXGroup;
			children = (
				BA6EC3BE24041E9C005FD75D /* Assets.xcassets */,
				BA6EC3C324041E9C005FD75D /* Info.plist */,
				BA6EC3C624041E9C005FD75D /* OpenGL04.entitlements */,
				BA6EC3C424041E9C005FD75D /* main.cpp */,
			);
			path = OpenGL04;
			sourceTree = "<group>";
		};
/* End PBXGroup section */

/* Begin PBXNativeTarget section */
		BA6EC3B424041E9B005FD75D /* OpenGL04 */ = {
			isa = PBXNativeTarget;
			buildConfigurationList = BA6EC3C924041E9C005FD75D /* Build configuration list for PBXNativeTarget "OpenGL04" */;
			buildPhases = (
				097988B7E049FA92096F8D0E /* [CP] Check Pods Manifest.lock */,
				BA6EC3B124041E9B005FD75D /* Sources */,
				BA6EC3B224041E9B005FD75D /* Frameworks */,
				BA6EC3B324041E9B005FD75D /* Resources */,
			);
			buildRules = (
			);
			dependencies = (
			);
			name = OpenGL04;
			productName = OpenGL04;
			productReference = BA6EC3B524041E9B005FD75D /* OpenGL04.app */;
			productType = "com.apple.product-type.application";
		};
/* End PBXNativeTarget section */

/* Begin PBXProject section */
		BA6EC3AD24041E9A005FD75D /* Project object */ = {
			isa = PBXProject;
			attributes = {
				LastUpgradeCheck = 1130;
				ORGANIZATIONNAME = ycpeng;
				TargetAttributes = {
					BA6EC3B424041E9B005FD75D = {
						CreatedOnToolsVersion = 11.3.1;
					};
				};
			};
			buildConfigurationList = BA6EC3B024041E9A005FD75D /* Build configuration list for PBXProject "OpenGL04" */;
			compatibilityVersion = "Xcode 9.3";
			developmentRegion = en;
			hasScannedForEncodings = 0;
			knownRegions = (
				en,
				Base,
			);
			mainGroup = BA6EC3AC24041E9A005FD75D;
			productRefGroup = BA6EC3B624041E9B005FD75D /* Products */;
			projectDirPath = "";
			projectRoot = "";
			targets = (
				BA6EC3B424041E9B005FD75D /* OpenGL04 */,
			);
		};
/* End PBXProject section */

/* Begin PBXResourcesBuildPhase section */
		BA6EC3B324041E9B005FD75D /* Resources */ = {
			isa = PBXResourcesBuildPhase;
			buildActionMask = 2147483647;
			files = (
				BA6EC3BF24041E9C005FD75D /* Assets.xcassets in Resources */,
			);
			runOnlyForDeploymentPostprocessing = 0;
		};
/* End PBXResourcesBuildPhase section */

/* Begin PBXShellScriptBuildPhase section */
		097988B7E049FA92096F8D0E /* [CP] Check Pods Manifest.lock */ = {
			isa = PBXShellScriptBuildPhase;
			buildActionMask = 2147483647;
			files = (
			);
			inputFileListPaths = (
			);
			inputPaths = (
				"${PODS_PODFILE_DIR_PATH}/Podfile.lock",
				"${PODS_ROOT}/Manifest.lock",
			);
			name = "[CP] Check Pods Manifest.lock";
			outputFileListPaths = (
			);
			outputPaths = (
				"$(DERIVED_FILE_DIR)/Pods-OpenGL04-checkManifestLockResult.txt",
			);
			runOnlyForDeploymentPostprocessing = 0;
			shellPath = /bin/sh;
			shellScript = "diff \"${PODS_PODFILE_DIR_PATH}/Podfile.lock\" \"${PODS_ROOT}/Manifest.lock\" > /dev/null\nif [ $? != 0 ] ; then\n    # print error to STDERR\n    echo \"error: The sandbox is not in sync with the Podfile.lock. Run 'pod install' or update your CocoaPods installation.\" >&2\n    exit 1\nfi\n# This output is used by Xcode 'outputs' to avoid re-running this script phase.\necho \"SUCCESS\" > \"${SCRIPT_OUTPUT_FILE_0}\"\n";
			showEnvVarsInLog = 0;
		};
/* End PBXShellScriptBuildPhase section */

/* Begin PBXSourcesBuildPhase section */
		BA6EC3B124041E9B005FD75D /* Sources */ = {
			isa = PBXSourcesBuildPhase;
			buildActionMask = 2147483647;
			files = (
				BA6EC3C524041E9C005FD75D /* main.cpp in Sources */,
			);
			runOnlyForDeploymentPostprocessing = 0;
		};
/* End PBXSourcesBuildPhase section */

/* Begin XCBuildConfiguration section */
		BA6EC3C724041E9C005FD75D /* Debug */ = {
			isa = XCBuildConfiguration;
			buildSettings = {
				ALWAYS_SEARCH_USER_PATHS = NO;
				CLANG_ANALYZER_NONNULL = YES;
				CLANG_ANALYZER_NUMBER_OBJECT_CONVERSION = YES_AGGRESSIVE;
				CLANG_CXX_LANGUAGE_STANDARD = "gnu++14";
				CLANG_CXX_LIBRARY = "libc++";
				CLANG_ENABLE_MODULES = YES;
				CLANG_ENABLE_OBJC_ARC = YES;
				CLANG_ENABLE_OBJC_WEAK = YES;
				CLANG_WARN_BLOCK_CAPTURE_AUTORELEASING = YES;
				CLANG_WARN_BOOL_CONVERSION = YES;
				CLANG_WARN_COMMA = YES;
				CLANG_WARN_CONSTANT_CONVERSION = YES;
				CLANG_WARN_DEPRECATED_OBJC_IMPLEMENTATIONS = YES;
				CLANG_WARN_DIRECT_OBJC_ISA_USAGE = YES_ERROR;
				CLANG_WARN_DOCUMENTATION_COMMENTS = YES;
				CLANG_WARN_EMPTY_BODY = YES;
				CLANG_WARN_ENUM_CONVERSION = YES;
				CLANG_WARN_INFINITE_RECURSION = YES;
				CLANG_WARN_INT_CONVERSION = YES;
				CLANG_WARN_NON_LITERAL_NULL_CONVERSION = YES;
				CLANG_WARN_OBJC_IMPLICIT_RETAIN_SELF = YES;
				CLANG_WARN_OBJC_LITERAL_CONVERSION = YES;
				CLANG_WARN_OBJC_ROOT_CLASS = YES_ERROR;
				CLANG_WARN_RANGE_LOOP_ANALYSIS = YES;
				CLANG_WARN_STRICT_PROTOTYPES = YES;
				CLANG_WARN_SUSPICIOUS_MOVE = YES;
				CLANG_WARN_UNGUARDED_AVAILABILITY = YES_AGGRESSIVE;
				CLANG_WARN_UNREACHABLE_CODE = YES;
				CLANG_WARN__DUPLICATE_METHOD_MATCH = YES;
				COPY_PHASE_STRIP = NO;
				DEBUG_INFORMATION_FORMAT = dwarf;
				ENABLE_STRICT_OBJC_MSGSEND = YES;
				ENABLE_TESTABILITY = YES;
				GCC_C_LANGUAGE_STANDARD = gnu11;
				GCC_DYNAMIC_NO_PIC = NO;
				GCC_NO_COMMON_BLOCKS = YES;
				GCC_OPTIMIZATION_LEVEL = 0;
				GCC_PREPROCESSOR_DEFINITIONS = (
					"DEBUG=1",
					"$(inherited)",
				);
				GCC_WARN_64_TO_32_BIT_CONVERSION = YES;
				GCC_WARN_ABOUT_RETURN_TYPE = YES_ERROR;
				GCC_WARN_UNDECLARED_SELECTOR = YES;
				GCC_WARN_UNINITIALIZED_AUTOS = YES_AGGRESSIVE;
				GCC_WARN_UNUSED_FUNCTION = YES;
				GCC_WARN_UNUSED_VARIABLE = YES;
				MACOSX_DEPLOYMENT_TARGET = 10.15;
				MTL_ENABLE_DEBUG_INFO = INCLUDE_SOURCE;
				MTL_FAST_MATH = YES;
				ONLY_ACTIVE_ARCH = YES;
				SDKROOT = macosx;
			};
			name = Debug;
		};
		BA6EC3C824041E9C005FD75D /* Release */ = {
			isa = XCBuildConfiguration;
			buildSettings = {
				ALWAYS_SEARCH_USER_PATHS = NO;
				CLANG_ANALYZER_NONNULL = YES;
				CLANG_ANALYZER_NUMBER_OBJECT_CONVERSION = YES_AGGRESSIVE;
				CLANG_CXX_LANGUAGE_STANDARD = "gnu++14";
				CLANG_CXX_LIBRARY = "libc++";
				CLANG_ENABLE_MODULES = YES;
				CLANG_ENABLE_OBJC_ARC = YES;
				CLANG_ENABLE_OBJC_WEAK = YES;
				CLANG_WARN_BLOCK_CAPTURE_AUTORELEASING = YES;
				CLANG_WARN_BOOL_CONVERSION = YES;
				CLANG_WARN_COMMA = YES;
				CLANG_WARN_CONSTANT_CONVERSION = YES;
				CLANG_WARN_DEPRECATED_OBJC_IMPLEMENTATIONS = YES;
				CLANG_WARN_DIRECT_OBJC_ISA_USAGE = YES_ERROR;
				CLANG_WARN_DOCUMENTATION_COMMENTS = YES;
				CLANG_WARN_EMPTY_BODY = YES;
				CLANG_WARN_ENUM_CONVERSION = YES;
				CLANG_WARN_INFINITE_RECURSION = YES;
				CLANG_WARN_INT_CONVERSION = YES;
				CLANG_WARN_NON_LITERAL_NULL_CONVERSION = YES;
				CLANG_WARN_OBJC_IMPLICIT_RETAIN_SELF = YES;
				CLANG_WARN_OBJC_LITERAL_CONVERSION = YES;
				CLANG_WARN_OBJC_ROOT_CLASS = YES_ERROR;
				CLANG_WARN_RANGE_LOOP_ANALYSIS = YES;
				CLANG_WARN_STRICT_PROTOTYPES = YES;
				CLANG_WARN_SUSPICIOUS_MOVE = YES;
				CLANG_WARN_UNGUARDED_AVAILABILITY = YES_AGGRESSIVE;
				CLANG_WARN_UNREACHABLE_CODE = YES;
				CLANG_WARN__DUPLICATE_METHOD_MATCH = YES;
				COPY_PHASE_STRIP = NO;
				DEBUG_INFORMATION_FORMAT = "dwarf-with-dsym";
				ENABLE_NS_ASSERTIONS = NO;
				ENABLE_STRICT_OBJC_MSGSEND = YES;
				GCC_C_LANGUAGE_STANDARD = gnu11;
				GCC_NO_COMMON_BLOCKS = YES;
				GCC_WARN_64_TO_32_BIT_CONVERSION = YES;
				GCC_WARN_ABOUT_RETURN_TYPE = YES_ERROR;
				GCC_WARN_UNDECLARED_SELECTOR = YES;
				GCC_WARN_UNINITIALIZED_AUTOS = YES_AGGRESSIVE;
				GCC_WARN_UNUSED_FUNCTION = YES;
				GCC_WARN_UNUSED_VARIABLE = YES;
				MACOSX_DEPLOYMENT_TARGET = 10.15;
				MTL_ENABLE_DEBUG_INFO = NO;
				MTL_FAST_MATH = YES;
				SDKROOT = macosx;
			};
			name = Release;
		};
		BA6EC3CA24041E9C005FD75D /* Debug */ = {
			isa = XCBuildConfiguration;
			baseConfigurationReference = 88A07A00C4137482DC69AD74 /* Pods-OpenGL04.debug.xcconfig */;
			buildSettings = {
				ASSETCATALOG_COMPILER_APPICON_NAME = AppIcon;
				CODE_SIGN_ENTITLEMENTS = OpenGL04/OpenGL04.entitlements;
				CODE_SIGN_STYLE = Automatic;
				COMBINE_HIDPI_IMAGES = YES;
				GCC_WARN_ABOUT_DEPRECATED_FUNCTIONS = NO;
				INFOPLIST_FILE = OpenGL04/Info.plist;
				LD_RUNPATH_SEARCH_PATHS = (
					"$(inherited)",
					"@executable_path/../Frameworks",
				);
				PRODUCT_BUNDLE_IDENTIFIER = com.sina.OpenGL04;
				PRODUCT_NAME = "$(TARGET_NAME)";
			};
			name = Debug;
		};
		BA6EC3CB24041E9C005FD75D /* Release */ = {
			isa = XCBuildConfiguration;
			baseConfigurationReference = 3D7FFB9EC8E5A200BEDD9C9C /* Pods-OpenGL04.release.xcconfig */;
			buildSettings = {
				ASSETCATALOG_COMPILER_APPICON_NAME = AppIcon;
				CODE_SIGN_ENTITLEMENTS = OpenGL04/OpenGL04.entitlements;
				CODE_SIGN_STYLE = Automatic;
				COMBINE_HIDPI_IMAGES = YES;
				GCC_WARN_ABOUT_DEPRECATED_FUNCTIONS = NO;
				INFOPLIST_FILE = OpenGL04/Info.plist;
				LD_RUNPATH_SEARCH_PATHS = (
					"$(inherited)",
					"@executable_path/../Frameworks",
				);
				PRODUCT_BUNDLE_IDENTIFIER = com.sina.OpenGL04;
				PRODUCT_NAME = "$(TARGET_NAME)";
			};
			name = Release;
		};
/* End XCBuildConfiguration section */

/* Begin XCConfigurationList section */
		BA6EC3B024041E9A005FD75D /* Build configuration list for PBXProject "OpenGL04" */ = {
			isa = XCConfigurationList;
			buildConfigurations = (
				BA6EC3C724041E9C005FD75D /* Debug */,
				BA6EC3C824041E9C005FD75D /* Release */,
			);
			defaultConfigurationIsVisible = 0;
			defaultConfigurationName = Release;
		};
		BA6EC3C924041E9C005FD75D /* Build configuration list for PBXNativeTarget "OpenGL04" */ = {
			isa = XCConfigurationList;
			buildConfigurations = (
				BA6EC3CA24041E9C005FD75D /* Debug */,
				BA6EC3CB24041E9C005FD75D /* Release */,
			);
			defaultConfigurationIsVisible = 0;
			defaultConfigurationName = Release;
		};
/* End XCConfigurationList section */
	};
	rootObject = BA6EC3AD24041E9A005FD75D /* Project object */;
}
